GIT
  remote: https://github.com/stevenjmesser/jekyll_ai_related_posts.git
  revision: dfe85628211fdb47ece10bfc4f14a85cdb240fc7
  specs:
    jekyll_ai_related_posts (0.1.5)
      activerecord (~> 7.0)
      faraday (~> 2.9)
      jekyll (>= 3.0)
      sqlite-vss (~> 0.1.2)
      sqlite3 (~> 1.4)
      zeitwerk (~> 2.6)

GEM
  remote: https://rubygems.org/
  specs:
    activemodel (7.2.3.1)
      activesupport (= 7.2.3.1)
    activerecord (7.2.3.1)
      activemodel (= 7.2.3.1)
      activesupport (= 7.2.3.1)
      timeout (>= 0.4.0)
    activesupport (7.2.3.1)
      base64
      benchmark (>= 0.3)
      bigdecimal
      concurrent-ruby (~> 1.0, >= 1.3.1)
      connection_pool (>= 2.2.5)
      drb
      i18n (>= 1.6, < 2)
      logger (>= 1.4.2)
      minitest (>= 5.1, < 6)
      securerandom (>= 0.3)
      tzinfo (~> 2.0, >= 2.0.5)
    addressable (2.9.0)
      public_suffix (>= 2.0.2, < 8.0)
    base64 (0.3.0)
    benchmark (0.5.0)
    bigdecimal (4.1.2)
    colorator (1.1.0)
    concurrent-ruby (1.3.6)
    connection_pool (2.5.5)
    csv (3.3.5)
    domain_name (0.6.20240107)
    drb (2.2.3)
    em-websocket (0.5.3)
      eventmachine (>= 0.12.9)
      http_parser.rb (~> 0)
    eventmachine (1.2.7)
    execjs (2.10.0)
    faraday (2.14.1)
      faraday-net_http (>= 2.0, < 3.5)
      json
      logger
    faraday-net_http (3.4.2)
      net-http (~> 0.5)
    ffi (1.17.4-arm64-darwin)
    ffi-compiler (1.3.2)
      ffi (>= 1.15.5)
      rake
    forwardable-extended (2.6.0)
    google-protobuf (4.34.1-arm64-darwin)
      bigdecimal
      rake (~> 13.3)
    htmlbeautifier (1.4.3)
    http (5.2.0)
      addressable (~> 2.8)
      base64 (~> 0.1)
      http-cookie (~> 1.0)
      http-form_data (~> 2.2)
      llhttp-ffi (~> 0.5.0)
    http-cookie (1.0.8)
      domain_name (~> 0.5)
    http-form_data (2.3.0)
    http_parser.rb (0.8.1)
    i18n (1.14.8)
      concurrent-ruby (~> 1.0)
    indieweb-endpoints (8.0.0)
      http (~> 5.0)
      link-header-parser (~> 5.0)
      nokogiri (>= 1.13)
    jekyll (4.4.1)
      addressable (~> 2.4)
      base64 (~> 0.2)
      colorator (~> 1.0)
      csv (~> 3.0)
      em-websocket (~> 0.5)
      i18n (~> 1.0)
      jekyll-sass-converter (>= 2.0, < 4.0)
      jekyll-watch (~> 2.0)
      json (~> 2.6)
      kramdown (~> 2.3, >= 2.3.1)
      kramdown-parser-gfm (~> 1.0)
      liquid (~> 4.0)
      mercenary (~> 0.3, >= 0.3.6)
      pathutil (~> 0.9)
      rouge (>= 3.0, < 5.0)
      safe_yaml (~> 1.0)
      terminal-table (>= 1.8, < 4.0)
      webrick (~> 1.7)
    jekyll-paginate (1.1.0)
    jekyll-redirect-from (0.16.0)
      jekyll (>= 3.3, < 5.0)
    jekyll-sass-converter (3.1.0)
      sass-embedded (~> 1.75)
    jekyll-sitemap (1.4.0)
      jekyll (>= 3.7, < 5.0)
    jekyll-watch (2.2.1)
      listen (~> 3.0)
    jekyll-webmention_io (4.0.0)
      activesupport (~> 7.0, >= 7.0.4.3)
      htmlbeautifier (~> 1.1)
      jekyll (>= 3.2.0, < 5.0)
      json (~> 2.0)
      jsonpath (~> 1.0.1)
      openssl (>= 2.0, < 4.0)
      uglifier (~> 4.1)
      webmention (~> 7.0)
    json (2.19.4)
    jsonpath (1.0.7)
      multi_json
    kramdown (2.5.2)
      rexml (>= 3.4.4)
    kramdown-parser-gfm (1.1.0)
      kramdown (~> 2.0)
    link-header-parser (5.1.1)
    liquid (4.0.4)
    listen (3.10.0)
      logger
      rb-fsevent (~> 0.10, >= 0.10.3)
      rb-inotify (~> 0.9, >= 0.9.10)
    llhttp-ffi (0.5.0)
      ffi-compiler (~> 1.0)
      rake (~> 13.0)
    logger (1.7.0)
    mercenary (0.4.0)
    minitest (5.27.0)
    multi_json (1.15.0)
    net-http (0.9.1)
      uri (>= 0.11.1)
    nokogiri (1.18.6-arm64-darwin)
      racc (~> 1.4)
    openssl (3.3.0)
    pathutil (0.16.2)
      forwardable-extended (~> 2.6)
    public_suffix (6.0.2)
    racc (1.8.1)
    rake (13.4.2)
    rb-fsevent (0.11.2)
    rb-inotify (0.11.1)
      ffi (~> 1.0)
    rexml (3.4.4)
    rouge (4.7.0)
    safe_yaml (1.0.5)
    sass-embedded (1.99.0-arm64-darwin)
      google-protobuf (~> 4.31)
    securerandom (0.4.1)
    sqlite-vss (0.1.2-arm64-darwin)
    sqlite3 (1.7.3-arm64-darwin)
    terminal-table (3.0.2)
      unicode-display_width (>= 1.1.1, < 3)
    timeout (0.6.1)
    tzinfo (2.0.6)
      concurrent-ruby (~> 1.0)
    uglifier (4.2.1)
      execjs (>= 0.3.0, < 3)
    unicode-display_width (2.6.0)
    uri (1.1.1)
    webmention (7.0.0)
      http (~> 5.0)
      indieweb-endpoints (~> 8.0)
      nokogiri (>= 1.13)
    webrick (1.9.2)
    zeitwerk (2.6.18)

PLATFORMS
  arm64-darwin-23
  arm64-darwin-24

DEPENDENCIES
  csv
  jekyll
  jekyll-paginate
  jekyll-redirect-from
  jekyll-sitemap
  jekyll-webmention_io
  jekyll_ai_related_posts!

BUNDLED WITH
   2.6.3
